
Microsoft Visual Studio Solution File, Format Version 10.00
# Visual Studio 2008
Project("{FAE04EC0-301F-11D3-BF4B-00C04F79EFBC}") = "Launcher", "Launcher.csproj", "{16B96F6D-1B35-44E3-ABF9-E5D6C8650353}"
EndProject
Global
	GlobalSection(SolutionConfigurationPlatforms) = preSolution
		Debug|Any CPU = Debug|Any CPU
		Release|Any CPU = Release|Any CPU
	EndGlobalSection
	GlobalSection(ProjectConfigurationPlatforms) = postSolution
		{16B96F6D-1B35-44E3-ABF9-E5D6C8650353}.Debug|Any CPU.ActiveCfg = Debug|Any CPU
		{16B96F6D-1B35-44E3-ABF9-E5D6C8650353}.Debug|Any CPU.Build.0 = Debug|Any CPU
		{16B96F6D-1B35-44E3-ABF9-E5D6C8650353}.Release|Any CPU.ActiveCfg = Release|Any CPU
		{16B96F6D-1B35-44E3-ABF9-E5D6C8650353}.Release|Any CPU.Build.0 = Release|Any CPU
	EndGlobalSection
	GlobalSection(SolutionProperties) = preSolution
		HideSolutionNode = FALSE
	EndGlobalSection
EndGlobal
