Microsoft Visual Studio Solution File, Format Version 10.00
# Visual Studio 2008
Project("{FAE04EC0-301F-11D3-BF4B-00C04F79EFBC}") = "LayoutEditor", "LayoutEditor.csproj", "{3D991E0C-D6B8-4A61-A0F0-45177C92B6F2}"
EndProject
Project("{FAE04EC0-301F-11D3-BF4B-00C04F79EFBC}") = "LayoutContracts", "..\LayoutContracts\LayoutContracts.csproj", "{F33E0A75-74AE-43F4-A894-42C60644792A}"
EndProject
Global
        GlobalSection(SolutionConfigurationPlatforms) = preSolution
                Debug|Any CPU = Debug|Any CPU
                Release|Any CPU = Release|Any CPU
        EndGlobalSection
        GlobalSection(ProjectConfigurationPlatforms) = postSolution
                {3D991E0C-D6B8-4A61-A0F0-45177C92B6F2}.Debug|Any CPU.ActiveCfg = Debug|Any CPU
                {3D991E0C-D6B8-4A61-A0F0-45177C92B6F2}.Debug|Any CPU.Build.0 = Debug|Any CPU
                {3D991E0C-D6B8-4A61-A0F0-45177C92B6F2}.Release|Any CPU.ActiveCfg = Release|Any CPU
                {3D991E0C-D6B8-4A61-A0F0-45177C92B6F2}.Release|Any CPU.Build.0 = Release|Any CPU
                {F33E0A75-74AE-43F4-A894-42C60644792A}.Debug|Any CPU.ActiveCfg = Debug|Any CPU
                {F33E0A75-74AE-43F4-A894-42C60644792A}.Debug|Any CPU.Build.0 = Debug|Any CPU
                {F33E0A75-74AE-43F4-A894-42C60644792A}.Release|Any CPU.ActiveCfg = Release|Any CPU
                {F33E0A75-74AE-43F4-A894-42C60644792A}.Release|Any CPU.Build.0 = Release|Any CPU
        EndGlobalSection
        GlobalSection(SolutionProperties) = preSolution
                HideSolutionNode = FALSE
        EndGlobalSection
EndGlobal
